
Microsoft Visual Studio Solution File, Format Version 12.00
# Visual Studio Version 16
VisualStudioVersion = 16.0.29519.87
MinimumVisualStudioVersion = 10.0.40219.1
Project("{FAE04EC0-301F-11D3-BF4B-00C04F79EFBC}") = "Tracker", "Tracker\Tracker.csproj", "{213F9AA7-DF4B-4398-9D93-2570ED10A444}"
EndProject
Project("{FAE04EC0-301F-11D3-BF4B-00C04F79EFBC}") = "TrackDataView", "TrackDataView\TrackDataView.csproj", "{A8839DCF-CF2E-418B-8AF9-C65705F2E709}"
EndProject
Global
	GlobalSection(SolutionConfigurationPlatforms) = preSolution
		Debug|Any CPU = Debug|Any CPU
		Release|Any CPU = Release|Any CPU
	EndGlobalSection
	GlobalSection(ProjectConfigurationPlatforms) = postSolution
		{213F9AA7-DF4B-4398-9D93-2570ED10A444}.Debug|Any CPU.ActiveCfg = Debug|Any CPU
		{213F9AA7-DF4B-4398-9D93-2570ED10A444}.Debug|Any CPU.Build.0 = Debug|Any CPU
		{213F9AA7-DF4B-4398-9D93-2570ED10A444}.Release|Any CPU.ActiveCfg = Release|Any CPU
		{213F9AA7-DF4B-4398-9D93-2570ED10A444}.Release|Any CPU.Build.0 = Release|Any CPU
		{A8839DCF-CF2E-418B-8AF9-C65705F2E709}.Debug|Any CPU.ActiveCfg = Debug|Any CPU
		{A8839DCF-CF2E-418B-8AF9-C65705F2E709}.Debug|Any CPU.Build.0 = Debug|Any CPU
		{A8839DCF-CF2E-418B-8AF9-C65705F2E709}.Release|Any CPU.ActiveCfg = Release|Any CPU
		{A8839DCF-CF2E-418B-8AF9-C65705F2E709}.Release|Any CPU.Build.0 = Release|Any CPU
	EndGlobalSection
	GlobalSection(SolutionProperties) = preSolution
		HideSolutionNode = FALSE
	EndGlobalSection
	GlobalSection(ExtensibilityGlobals) = postSolution
		SolutionGuid = {5B369CB7-91B7-4C4F-BC78-97497466F802}
	EndGlobalSection
EndGlobal
